{
  "originHash" : "5e9fce2c2f08dec013937626cbbada4ad84527efc4d71d2a910662c3beb239d0",
  "pins" : [
    {
      "identity" : "loopkit",
      "kind" : "remoteSourceControl",
      "location" : "https://github.com/LoopKit/LoopKit",
      "state" : {
        "branch" : "dev",
        "revision" : "a03be5768e8d9cec87d93f0af9e72c97b7200b9a"
      }
    },
    {
      "identity" : "swiftcharts",
      "kind" : "remoteSourceControl",
      "location" : "https://github.com/ivanschuetz/SwiftCharts",
      "state" : {
        "branch" : "master",
        "revision" : "c354c1945bb35a1f01b665b22474f6db28cba4a2"
      }
    }
  ],
  "version" : 3
}
