// !$*UTF8*$!
{
	archiveVersion = 1;
	classes = {
	};
	objectVersion = 77;
	objects = {

/* Begin PBXBuildFile section */
		345200432DC9D6EF00F35D78 /* HealthKit.framework in Frameworks */ = {isa = PBXBuildFile; fileRef = 345200422DC9D6EF00F35D78 /* HealthKit.framework */; };
		3452006D2DC9D90F00F35D78 /* EversenseNowClient.framework in Frameworks */ = {isa = PBXBuildFile; fileRef = 345200122DC9D66E00F35D78 /* EversenseNowClient.framework */; };
		345200C62DC9E56C00F35D78 /* LoopKit.framework in Frameworks */ = {isa = PBXBuildFile; fileRef = 345200C42DC9E56C00F35D78 /* LoopKit.framework */; };
		345200C82DC9E56C00F35D78 /* LoopKitUI.framework in Frameworks */ = {isa = PBXBuildFile; fileRef = 345200C52DC9E56C00F35D78 /* LoopKitUI.framework */; };
		345200CD2DC9E58B00F35D78 /* LoopKit.framework in Frameworks */ = {isa = PBXBuildFile; fileRef = 345200CB2DC9E58B00F35D78 /* LoopKit.framework */; };
		345200CF2DC9E58B00F35D78 /* LoopKitUI.framework in Frameworks */ = {isa = PBXBuildFile; fileRef = 345200CC2DC9E58B00F35D78 /* LoopKitUI.framework */; };
/* End PBXBuildFile section */

/* Begin PBXContainerItemProxy section */
		3452006E2DC9D92000F35D78 /* PBXContainerItemProxy */ = {
			isa = PBXContainerItemProxy;
			containerPortal = 345200092DC9D66E00F35D78 /* Project object */;
			proxyType = 1;
			remoteGlobalIDString = 345200112DC9D66E00F35D78;
			remoteInfo = EversenseNowClient;
		};
/* End PBXContainerItemProxy section */

/* Begin PBXFileReference section */
		345200122DC9D66E00F35D78 /* EversenseNowClient.framework */ = {isa = PBXFileReference; explicitFileType = wrapper.framework; includeInIndex = 0; path = EversenseNowClient.framework; sourceTree = BUILT_PRODUCTS_DIR; };
		345200422DC9D6EF00F35D78 /* HealthKit.framework */ = {isa = PBXFileReference; lastKnownFileType = wrapper.framework; name = HealthKit.framework; path = Platforms/MacOSX.platform/Developer/SDKs/MacOSX15.4.sdk/System/Library/Frameworks/HealthKit.framework; sourceTree = DEVELOPER_DIR; };
		345200492DC9D83600F35D78 /* NowClientUI.framework */ = {isa = PBXFileReference; explicitFileType = wrapper.framework; includeInIndex = 0; path = NowClientUI.framework; sourceTree = BUILT_PRODUCTS_DIR; };
		345200C42DC9E56C00F35D78 /* LoopKit.framework */ = {isa = PBXFileReference; explicitFileType = wrapper.framework; path = LoopKit.framework; sourceTree = BUILT_PRODUCTS_DIR; };
		345200C52DC9E56C00F35D78 /* LoopKitUI.framework */ = {isa = PBXFileReference; explicitFileType = wrapper.framework; path = LoopKitUI.framework; sourceTree = BUILT_PRODUCTS_DIR; };
		345200CB2DC9E58B00F35D78 /* LoopKit.framework */ = {isa = PBXFileReference; explicitFileType = wrapper.framework; path = LoopKit.framework; sourceTree = BUILT_PRODUCTS_DIR; };
		345200CC2DC9E58B00F35D78 /* LoopKitUI.framework */ = {isa = PBXFileReference; explicitFileType = wrapper.framework; path = LoopKitUI.framework; sourceTree = BUILT_PRODUCTS_DIR; };
		34FE51992DCA08750085263A /* EversenseNowClientPlugin.loopplugin */ = {isa = PBXFileReference; explicitFileType = wrapper.cfbundle; includeInIndex = 0; path = EversenseNowClientPlugin.loopplugin; sourceTree = BUILT_PRODUCTS_DIR; };
		34FE51DC2DCA09B90085263A /* EversenseNowClientPlugin-Info.plist */ = {isa = PBXFileReference; lastKnownFileType = text.plist; path = "EversenseNowClientPlugin-Info.plist"; sourceTree = "<group>"; };
/* End PBXFileReference section */

/* Begin PBXFileSystemSynchronizedBuildFileExceptionSet section */
		345200682DC9D8EA00F35D78 /* Exceptions for "Common" folder in "NowClientUI" target */ = {
			isa = PBXFileSystemSynchronizedBuildFileExceptionSet;
			membershipExceptions = (
				LocalizedString.swift,
			);
			target = 345200482DC9D83600F35D78 /* NowClientUI */;
		};
		345200D22DC9EBEB00F35D78 /* Exceptions for "EversenseNowClient" folder in "EversenseNowClient" target */ = {
			isa = PBXFileSystemSynchronizedBuildFileExceptionSet;
			publicHeaders = (
				NowClient.h,
			);
			target = 345200112DC9D66E00F35D78 /* EversenseNowClient */;
		};
		345200D32DC9EBFF00F35D78 /* Exceptions for "NowClientUI" folder in "NowClientUI" target */ = {
			isa = PBXFileSystemSynchronizedBuildFileExceptionSet;
			publicHeaders = (
				NowClientUI.h,
			);
			target = 345200482DC9D83600F35D78 /* NowClientUI */;
		};
		34FE51A72DCA08E20085263A /* Exceptions for "NowClientPlugin" folder in "EversenseNowClientPlugin" target */ = {
			isa = PBXFileSystemSynchronizedBuildFileExceptionSet;
			membershipExceptions = (
				NowClientPlugin.swift,
			);
			target = 34FE51982DCA08750085263A /* EversenseNowClientPlugin */;
		};
/* End PBXFileSystemSynchronizedBuildFileExceptionSet section */

/* Begin PBXFileSystemSynchronizedRootGroup section */
		345200142DC9D66E00F35D78 /* EversenseNowClient */ = {
			isa = PBXFileSystemSynchronizedRootGroup;
			exceptions = (
				345200D22DC9EBEB00F35D78 /* Exceptions for "EversenseNowClient" folder in "EversenseNowClient" target */,
			);
			path = EversenseNowClient;
			sourceTree = "<group>";
		};
		345200392DC9D6A600F35D78 /* Common */ = {
			isa = PBXFileSystemSynchronizedRootGroup;
			exceptions = (
				345200682DC9D8EA00F35D78 /* Exceptions for "Common" folder in "NowClientUI" target */,
			);
			path = Common;
			sourceTree = "<group>";
		};
		3452004A2DC9D83600F35D78 /* NowClientUI */ = {
			isa = PBXFileSystemSynchronizedRootGroup;
			exceptions = (
				345200D32DC9EBFF00F35D78 /* Exceptions for "NowClientUI" folder in "NowClientUI" target */,
			);
			path = NowClientUI;
			sourceTree = "<group>";
		};
		345200822DC9D9B600F35D78 /* NowClientPlugin */ = {
			isa = PBXFileSystemSynchronizedRootGroup;
			exceptions = (
				34FE51A72DCA08E20085263A /* Exceptions for "NowClientPlugin" folder in "EversenseNowClientPlugin" target */,
			);
			path = NowClientPlugin;
			sourceTree = "<group>";
		};
/* End PBXFileSystemSynchronizedRootGroup section */

/* Begin PBXFrameworksBuildPhase section */
		3452000F2DC9D66E00F35D78 /* Frameworks */ = {
			isa = PBXFrameworksBuildPhase;
			buildActionMask = 2147483647;
			files = (
				345200432DC9D6EF00F35D78 /* HealthKit.framework in Frameworks */,
				345200C82DC9E56C00F35D78 /* LoopKitUI.framework in Frameworks */,
				345200C62DC9E56C00F35D78 /* LoopKit.framework in Frameworks */,
			);
			runOnlyForDeploymentPostprocessing = 0;
		};
		345200462DC9D83600F35D78 /* Frameworks */ = {
			isa = PBXFrameworksBuildPhase;
			buildActionMask = 2147483647;
			files = (
				3452006D2DC9D90F00F35D78 /* EversenseNowClient.framework in Frameworks */,
				345200CD2DC9E58B00F35D78 /* LoopKit.framework in Frameworks */,
				345200CF2DC9E58B00F35D78 /* LoopKitUI.framework in Frameworks */,
			);
			runOnlyForDeploymentPostprocessing = 0;
		};
		34FE51962DCA08750085263A /* Frameworks */ = {
			isa = PBXFrameworksBuildPhase;
			buildActionMask = 2147483647;
			files = (
			);
			runOnlyForDeploymentPostprocessing = 0;
		};
/* End PBXFrameworksBuildPhase section */

/* Begin PBXGroup section */
		345200082DC9D66E00F35D78 = {
			isa = PBXGroup;
			children = (
				34FE51DC2DCA09B90085263A /* EversenseNowClientPlugin-Info.plist */,
				345200392DC9D6A600F35D78 /* Common */,
				345200142DC9D66E00F35D78 /* EversenseNowClient */,
				3452004A2DC9D83600F35D78 /* NowClientUI */,
				345200822DC9D9B600F35D78 /* NowClientPlugin */,
				345200412DC9D6EF00F35D78 /* Frameworks */,
				345200132DC9D66E00F35D78 /* Products */,
			);
			sourceTree = "<group>";
		};
		345200132DC9D66E00F35D78 /* Products */ = {
			isa = PBXGroup;
			children = (
				345200122DC9D66E00F35D78 /* EversenseNowClient.framework */,
				345200492DC9D83600F35D78 /* NowClientUI.framework */,
				34FE51992DCA08750085263A /* EversenseNowClientPlugin.loopplugin */,
			);
			name = Products;
			sourceTree = "<group>";
		};
		345200412DC9D6EF00F35D78 /* Frameworks */ = {
			isa = PBXGroup;
			children = (
				345200CB2DC9E58B00F35D78 /* LoopKit.framework */,
				345200CC2DC9E58B00F35D78 /* LoopKitUI.framework */,
				345200C42DC9E56C00F35D78 /* LoopKit.framework */,
				345200C52DC9E56C00F35D78 /* LoopKitUI.framework */,
				345200422DC9D6EF00F35D78 /* HealthKit.framework */,
			);
			name = Frameworks;
			sourceTree = "<group>";
		};
/* End PBXGroup section */

/* Begin PBXHeadersBuildPhase section */
		3452000D2DC9D66E00F35D78 /* Headers */ = {
			isa = PBXHeadersBuildPhase;
			buildActionMask = 2147483647;
			files = (
			);
			runOnlyForDeploymentPostprocessing = 0;
		};
		345200442DC9D83600F35D78 /* Headers */ = {
			isa = PBXHeadersBuildPhase;
			buildActionMask = 2147483647;
			files = (
			);
			runOnlyForDeploymentPostprocessing = 0;
		};
/* End PBXHeadersBuildPhase section */

/* Begin PBXNativeTarget section */
		345200112DC9D66E00F35D78 /* EversenseNowClient */ = {
			isa = PBXNativeTarget;
			buildConfigurationList = 345200192DC9D66E00F35D78 /* Build configuration list for PBXNativeTarget "EversenseNowClient" */;
			buildPhases = (
				3452000D2DC9D66E00F35D78 /* Headers */,
				3452000E2DC9D66E00F35D78 /* Sources */,
				3452000F2DC9D66E00F35D78 /* Frameworks */,
				345200102DC9D66E00F35D78 /* Resources */,
			);
			buildRules = (
			);
			dependencies = (
			);
			fileSystemSynchronizedGroups = (
				345200142DC9D66E00F35D78 /* EversenseNowClient */,
				345200392DC9D6A600F35D78 /* Common */,
			);
			name = EversenseNowClient;
			packageProductDependencies = (
			);
			productName = EversenseNowClient;
			productReference = 345200122DC9D66E00F35D78 /* EversenseNowClient.framework */;
			productType = "com.apple.product-type.framework";
		};
		345200482DC9D83600F35D78 /* NowClientUI */ = {
			isa = PBXNativeTarget;
			buildConfigurationList = 3452004D2DC9D83600F35D78 /* Build configuration list for PBXNativeTarget "NowClientUI" */;
			buildPhases = (
				345200442DC9D83600F35D78 /* Headers */,
				345200452DC9D83600F35D78 /* Sources */,
				345200462DC9D83600F35D78 /* Frameworks */,
				345200472DC9D83600F35D78 /* Resources */,
			);
			buildRules = (
			);
			dependencies = (
				3452006F2DC9D92000F35D78 /* PBXTargetDependency */,
			);
			fileSystemSynchronizedGroups = (
				3452004A2DC9D83600F35D78 /* NowClientUI */,
			);
			name = NowClientUI;
			packageProductDependencies = (
			);
			productName = NowClientUI;
			productReference = 345200492DC9D83600F35D78 /* NowClientUI.framework */;
			productType = "com.apple.product-type.framework";
		};
		34FE51982DCA08750085263A /* EversenseNowClientPlugin */ = {
			isa = PBXNativeTarget;
			buildConfigurationList = 34FE519A2DCA08750085263A /* Build configuration list for PBXNativeTarget "EversenseNowClientPlugin" */;
			buildPhases = (
				34FE51952DCA08750085263A /* Sources */,
				34FE51962DCA08750085263A /* Frameworks */,
				34FE51972DCA08750085263A /* Resources */,
			);
			buildRules = (
			);
			dependencies = (
			);
			name = EversenseNowClientPlugin;
			packageProductDependencies = (
			);
			productName = EversenseNowClientPlugin;
			productReference = 34FE51992DCA08750085263A /* EversenseNowClientPlugin.loopplugin */;
			productType = "com.apple.product-type.bundle";
		};
/* End PBXNativeTarget section */

/* Begin PBXProject section */
		345200092DC9D66E00F35D78 /* Project object */ = {
			isa = PBXProject;
			attributes = {
				BuildIndependentTargetsInParallel = 1;
				LastSwiftUpdateCheck = 1630;
				LastUpgradeCheck = 1630;
				TargetAttributes = {
					345200112DC9D66E00F35D78 = {
						CreatedOnToolsVersion = 16.3;
					};
					345200482DC9D83600F35D78 = {
						CreatedOnToolsVersion = 16.3;
						LastSwiftMigration = 1630;
					};
					34FE51982DCA08750085263A = {
						CreatedOnToolsVersion = 16.3;
					};
				};
			};
			buildConfigurationList = 3452000C2DC9D66E00F35D78 /* Build configuration list for PBXProject "EversenseNowClient" */;
			developmentRegion = en;
			hasScannedForEncodings = 0;
			knownRegions = (
				en,
				Base,
			);
			mainGroup = 345200082DC9D66E00F35D78;
			minimizedProjectReferenceProxies = 1;
			packageReferences = (
			);
			preferredProjectObjectVersion = 77;
			productRefGroup = 345200132DC9D66E00F35D78 /* Products */;
			projectDirPath = "";
			projectRoot = "";
			targets = (
				345200112DC9D66E00F35D78 /* EversenseNowClient */,
				345200482DC9D83600F35D78 /* NowClientUI */,
				34FE51982DCA08750085263A /* EversenseNowClientPlugin */,
			);
		};
/* End PBXProject section */

/* Begin PBXResourcesBuildPhase section */
		345200102DC9D66E00F35D78 /* Resources */ = {
			isa = PBXResourcesBuildPhase;
			buildActionMask = 2147483647;
			files = (
			);
			runOnlyForDeploymentPostprocessing = 0;
		};
		345200472DC9D83600F35D78 /* Resources */ = {
			isa = PBXResourcesBuildPhase;
			buildActionMask = 2147483647;
			files = (
			);
			runOnlyForDeploymentPostprocessing = 0;
		};
		34FE51972DCA08750085263A /* Resources */ = {
			isa = PBXResourcesBuildPhase;
			buildActionMask = 2147483647;
			files = (
			);
			runOnlyForDeploymentPostprocessing = 0;
		};
/* End PBXResourcesBuildPhase section */

/* Begin PBXSourcesBuildPhase section */
		3452000E2DC9D66E00F35D78 /* Sources */ = {
			isa = PBXSourcesBuildPhase;
			buildActionMask = 2147483647;
			files = (
			);
			runOnlyForDeploymentPostprocessing = 0;
		};
		345200452DC9D83600F35D78 /* Sources */ = {
			isa = PBXSourcesBuildPhase;
			buildActionMask = 2147483647;
			files = (
			);
			runOnlyForDeploymentPostprocessing = 0;
		};
		34FE51952DCA08750085263A /* Sources */ = {
			isa = PBXSourcesBuildPhase;
			buildActionMask = 2147483647;
			files = (
			);
			runOnlyForDeploymentPostprocessing = 0;
		};
/* End PBXSourcesBuildPhase section */

/* Begin PBXTargetDependency section */
		3452006F2DC9D92000F35D78 /* PBXTargetDependency */ = {
			isa = PBXTargetDependency;
			target = 345200112DC9D66E00F35D78 /* EversenseNowClient */;
			targetProxy = 3452006E2DC9D92000F35D78 /* PBXContainerItemProxy */;
		};
/* End PBXTargetDependency section */

/* Begin XCBuildConfiguration section */
		345200172DC9D66E00F35D78 /* Debug */ = {
			isa = XCBuildConfiguration;
			buildSettings = {
				ALWAYS_SEARCH_USER_PATHS = NO;
				ASSETCATALOG_COMPILER_GENERATE_SWIFT_ASSET_SYMBOL_EXTENSIONS = YES;
				CLANG_ANALYZER_NONNULL = YES;
				CLANG_ANALYZER_NUMBER_OBJECT_CONVERSION = YES_AGGRESSIVE;
				CLANG_CXX_LANGUAGE_STANDARD = "gnu++20";
				CLANG_ENABLE_MODULES = YES;
				CLANG_ENABLE_OBJC_ARC = YES;
				CLANG_ENABLE_OBJC_WEAK = YES;
				CLANG_WARN_BLOCK_CAPTURE_AUTORELEASING = YES;
				CLANG_WARN_BOOL_CONVERSION = YES;
				CLANG_WARN_COMMA = YES;
				CLANG_WARN_CONSTANT_CONVERSION = YES;
				CLANG_WARN_DEPRECATED_OBJC_IMPLEMENTATIONS = YES;
				CLANG_WARN_DIRECT_OBJC_ISA_USAGE = YES_ERROR;
				CLANG_WARN_DOCUMENTATION_COMMENTS = YES;
				CLANG_WARN_EMPTY_BODY = YES;
				CLANG_WARN_ENUM_CONVERSION = YES;
				CLANG_WARN_INFINITE_RECURSION = YES;
				CLANG_WARN_INT_CONVERSION = YES;
				CLANG_WARN_NON_LITERAL_NULL_CONVERSION = YES;
				CLANG_WARN_OBJC_IMPLICIT_RETAIN_SELF = YES;
				CLANG_WARN_OBJC_LITERAL_CONVERSION = YES;
				CLANG_WARN_OBJC_ROOT_CLASS = YES_ERROR;
				CLANG_WARN_QUOTED_INCLUDE_IN_FRAMEWORK_HEADER = YES;
				CLANG_WARN_RANGE_LOOP_ANALYSIS = YES;
				CLANG_WARN_STRICT_PROTOTYPES = YES;
				CLANG_WARN_SUSPICIOUS_MOVE = YES;
				CLANG_WARN_UNGUARDED_AVAILABILITY = YES_AGGRESSIVE;
				CLANG_WARN_UNREACHABLE_CODE = YES;
				CLANG_WARN__DUPLICATE_METHOD_MATCH = YES;
				COPY_PHASE_STRIP = NO;
				CURRENT_PROJECT_VERSION = 1;
				DEBUG_INFORMATION_FORMAT = dwarf;
				DEVELOPMENT_TEAM = 6H5AQ9JDNV;
				ENABLE_STRICT_OBJC_MSGSEND = YES;
				ENABLE_TESTABILITY = YES;
				ENABLE_USER_SCRIPT_SANDBOXING = YES;
				GCC_C_LANGUAGE_STANDARD = gnu17;
				GCC_DYNAMIC_NO_PIC = NO;
				GCC_NO_COMMON_BLOCKS = YES;
				GCC_OPTIMIZATION_LEVEL = 0;
				GCC_PREPROCESSOR_DEFINITIONS = (
					"DEBUG=1",
					"$(inherited)",
				);
				GCC_WARN_64_TO_32_BIT_CONVERSION = YES;
				GCC_WARN_ABOUT_RETURN_TYPE = YES_ERROR;
				GCC_WARN_UNDECLARED_SELECTOR = YES;
				GCC_WARN_UNINITIALIZED_AUTOS = YES_AGGRESSIVE;
				GCC_WARN_UNUSED_FUNCTION = YES;
				GCC_WARN_UNUSED_VARIABLE = YES;
				IPHONEOS_DEPLOYMENT_TARGET = 18.4;
				LOCALIZATION_PREFERS_STRING_CATALOGS = YES;
				MTL_ENABLE_DEBUG_INFO = INCLUDE_SOURCE;
				MTL_FAST_MATH = YES;
				ONLY_ACTIVE_ARCH = YES;
				SDKROOT = iphoneos;
				SWIFT_ACTIVE_COMPILATION_CONDITIONS = "DEBUG $(inherited)";
				SWIFT_OPTIMIZATION_LEVEL = "-Onone";
				VERSIONING_SYSTEM = "apple-generic";
				VERSION_INFO_PREFIX = "";
			};
			name = Debug;
		};
		345200182DC9D66E00F35D78 /* Release */ = {
			isa = XCBuildConfiguration;
			buildSettings = {
				ALWAYS_SEARCH_USER_PATHS = NO;
				ASSETCATALOG_COMPILER_GENERATE_SWIFT_ASSET_SYMBOL_EXTENSIONS = YES;
				CLANG_ANALYZER_NONNULL = YES;
				CLANG_ANALYZER_NUMBER_OBJECT_CONVERSION = YES_AGGRESSIVE;
				CLANG_CXX_LANGUAGE_STANDARD = "gnu++20";
				CLANG_ENABLE_MODULES = YES;
				CLANG_ENABLE_OBJC_ARC = YES;
				CLANG_ENABLE_OBJC_WEAK = YES;
				CLANG_WARN_BLOCK_CAPTURE_AUTORELEASING = YES;
				CLANG_WARN_BOOL_CONVERSION = YES;
				CLANG_WARN_COMMA = YES;
				CLANG_WARN_CONSTANT_CONVERSION = YES;
				CLANG_WARN_DEPRECATED_OBJC_IMPLEMENTATIONS = YES;
				CLANG_WARN_DIRECT_OBJC_ISA_USAGE = YES_ERROR;
				CLANG_WARN_DOCUMENTATION_COMMENTS = YES;
				CLANG_WARN_EMPTY_BODY = YES;
				CLANG_WARN_ENUM_CONVERSION = YES;
				CLANG_WARN_INFINITE_RECURSION = YES;
				CLANG_WARN_INT_CONVERSION = YES;
				CLANG_WARN_NON_LITERAL_NULL_CONVERSION = YES;
				CLANG_WARN_OBJC_IMPLICIT_RETAIN_SELF = YES;
				CLANG_WARN_OBJC_LITERAL_CONVERSION = YES;
				CLANG_WARN_OBJC_ROOT_CLASS = YES_ERROR;
				CLANG_WARN_QUOTED_INCLUDE_IN_FRAMEWORK_HEADER = YES;
				CLANG_WARN_RANGE_LOOP_ANALYSIS = YES;
				CLANG_WARN_STRICT_PROTOTYPES = YES;
				CLANG_WARN_SUSPICIOUS_MOVE = YES;
				CLANG_WARN_UNGUARDED_AVAILABILITY = YES_AGGRESSIVE;
				CLANG_WARN_UNREACHABLE_CODE = YES;
				CLANG_WARN__DUPLICATE_METHOD_MATCH = YES;
				COPY_PHASE_STRIP = NO;
				CURRENT_PROJECT_VERSION = 1;
				DEBUG_INFORMATION_FORMAT = "dwarf-with-dsym";
				DEVELOPMENT_TEAM = 6H5AQ9JDNV;
				ENABLE_NS_ASSERTIONS = NO;
				ENABLE_STRICT_OBJC_MSGSEND = YES;
				ENABLE_USER_SCRIPT_SANDBOXING = YES;
				GCC_C_LANGUAGE_STANDARD = gnu17;
				GCC_NO_COMMON_BLOCKS = YES;
				GCC_WARN_64_TO_32_BIT_CONVERSION = YES;
				GCC_WARN_ABOUT_RETURN_TYPE = YES_ERROR;
				GCC_WARN_UNDECLARED_SELECTOR = YES;
				GCC_WARN_UNINITIALIZED_AUTOS = YES_AGGRESSIVE;
				GCC_WARN_UNUSED_FUNCTION = YES;
				GCC_WARN_UNUSED_VARIABLE = YES;
				IPHONEOS_DEPLOYMENT_TARGET = 18.4;
				LOCALIZATION_PREFERS_STRING_CATALOGS = YES;
				MTL_ENABLE_DEBUG_INFO = NO;
				MTL_FAST_MATH = YES;
				SDKROOT = iphoneos;
				SWIFT_COMPILATION_MODE = wholemodule;
				VALIDATE_PRODUCT = YES;
				VERSIONING_SYSTEM = "apple-generic";
				VERSION_INFO_PREFIX = "";
			};
			name = Release;
		};
		3452001A2DC9D66E00F35D78 /* Debug */ = {
			isa = XCBuildConfiguration;
			buildSettings = {
				BUILD_LIBRARY_FOR_DISTRIBUTION = YES;
				CODE_SIGN_IDENTITY = "";
				CODE_SIGN_STYLE = Automatic;
				CURRENT_PROJECT_VERSION = 1;
				DEVELOPMENT_TEAM = 6H5AQ9JDNV;
				DYLIB_COMPATIBILITY_VERSION = 1;
				DYLIB_CURRENT_VERSION = 1;
				DYLIB_INSTALL_NAME_BASE = "@rpath";
				ENABLE_MODULE_VERIFIER = YES;
				GENERATE_INFOPLIST_FILE = YES;
				INFOPLIST_KEY_NSHumanReadableCopyright = "";
				INSTALL_PATH = "$(LOCAL_LIBRARY_DIR)/Frameworks";
				LD_RUNPATH_SEARCH_PATHS = (
					"$(inherited)",
					"@executable_path/Frameworks",
					"@loader_path/Frameworks",
				);
				MARKETING_VERSION = 1.0;
				MODULE_VERIFIER_SUPPORTED_LANGUAGES = "objective-c objective-c++";
				MODULE_VERIFIER_SUPPORTED_LANGUAGE_STANDARDS = "gnu17 gnu++20";
				PRODUCT_BUNDLE_IDENTIFIER = edhi.EversenseNowClient;
				PRODUCT_NAME = "$(TARGET_NAME:c99extidentifier)";
				SKIP_INSTALL = YES;
				SWIFT_EMIT_LOC_STRINGS = YES;
				SWIFT_INSTALL_MODULE = YES;
				SWIFT_INSTALL_OBJC_HEADER = NO;
				SWIFT_VERSION = 5.0;
				TARGETED_DEVICE_FAMILY = "1,2";
			};
			name = Debug;
		};
		3452001B2DC9D66E00F35D78 /* Release */ = {
			isa = XCBuildConfiguration;
			buildSettings = {
				BUILD_LIBRARY_FOR_DISTRIBUTION = YES;
				CODE_SIGN_IDENTITY = "";
				CODE_SIGN_STYLE = Automatic;
				CURRENT_PROJECT_VERSION = 1;
				DEVELOPMENT_TEAM = 6H5AQ9JDNV;
				DYLIB_COMPATIBILITY_VERSION = 1;
				DYLIB_CURRENT_VERSION = 1;
				DYLIB_INSTALL_NAME_BASE = "@rpath";
				ENABLE_MODULE_VERIFIER = YES;
				GENERATE_INFOPLIST_FILE = YES;
				INFOPLIST_KEY_NSHumanReadableCopyright = "";
				INSTALL_PATH = "$(LOCAL_LIBRARY_DIR)/Frameworks";
				LD_RUNPATH_SEARCH_PATHS = (
					"$(inherited)",
					"@executable_path/Frameworks",
					"@loader_path/Frameworks",
				);
				MARKETING_VERSION = 1.0;
				MODULE_VERIFIER_SUPPORTED_LANGUAGES = "objective-c objective-c++";
				MODULE_VERIFIER_SUPPORTED_LANGUAGE_STANDARDS = "gnu17 gnu++20";
				PRODUCT_BUNDLE_IDENTIFIER = edhi.EversenseNowClient;
				PRODUCT_NAME = "$(TARGET_NAME:c99extidentifier)";
				SKIP_INSTALL = YES;
				SWIFT_EMIT_LOC_STRINGS = YES;
				SWIFT_INSTALL_MODULE = YES;
				SWIFT_INSTALL_OBJC_HEADER = NO;
				SWIFT_VERSION = 5.0;
				TARGETED_DEVICE_FAMILY = "1,2";
			};
			name = Release;
		};
		3452004E2DC9D83600F35D78 /* Debug */ = {
			isa = XCBuildConfiguration;
			buildSettings = {
				BUILD_LIBRARY_FOR_DISTRIBUTION = YES;
				CLANG_ENABLE_MODULES = YES;
				CODE_SIGN_IDENTITY = "";
				CODE_SIGN_STYLE = Automatic;
				CURRENT_PROJECT_VERSION = 1;
				DEFINES_MODULE = YES;
				DEVELOPMENT_TEAM = 6H5AQ9JDNV;
				DYLIB_COMPATIBILITY_VERSION = 1;
				DYLIB_CURRENT_VERSION = 1;
				DYLIB_INSTALL_NAME_BASE = "@rpath";
				ENABLE_MODULE_VERIFIER = YES;
				GENERATE_INFOPLIST_FILE = YES;
				INFOPLIST_KEY_NSHumanReadableCopyright = "";
				INSTALL_PATH = "$(LOCAL_LIBRARY_DIR)/Frameworks";
				LD_RUNPATH_SEARCH_PATHS = (
					"$(inherited)",
					"@executable_path/Frameworks",
					"@loader_path/Frameworks",
				);
				MARKETING_VERSION = 1.0;
				MODULE_VERIFIER_SUPPORTED_LANGUAGES = "objective-c objective-c++";
				MODULE_VERIFIER_SUPPORTED_LANGUAGE_STANDARDS = "gnu17 gnu++20";
				PRODUCT_BUNDLE_IDENTIFIER = edhi.NowClientUI;
				PRODUCT_NAME = "$(TARGET_NAME:c99extidentifier)";
				SKIP_INSTALL = YES;
				SWIFT_EMIT_LOC_STRINGS = YES;
				SWIFT_INSTALL_MODULE = YES;
				SWIFT_INSTALL_OBJC_HEADER = NO;
				SWIFT_OPTIMIZATION_LEVEL = "-Onone";
				SWIFT_VERSION = 5.0;
				TARGETED_DEVICE_FAMILY = "1,2";
			};
			name = Debug;
		};
		3452004F2DC9D83600F35D78 /* Release */ = {
			isa = XCBuildConfiguration;
			buildSettings = {
				BUILD_LIBRARY_FOR_DISTRIBUTION = YES;
				CLANG_ENABLE_MODULES = YES;
				CODE_SIGN_IDENTITY = "";
				CODE_SIGN_STYLE = Automatic;
				CURRENT_PROJECT_VERSION = 1;
				DEFINES_MODULE = YES;
				DEVELOPMENT_TEAM = 6H5AQ9JDNV;
				DYLIB_COMPATIBILITY_VERSION = 1;
				DYLIB_CURRENT_VERSION = 1;
				DYLIB_INSTALL_NAME_BASE = "@rpath";
				ENABLE_MODULE_VERIFIER = YES;
				GENERATE_INFOPLIST_FILE = YES;
				INFOPLIST_KEY_NSHumanReadableCopyright = "";
				INSTALL_PATH = "$(LOCAL_LIBRARY_DIR)/Frameworks";
				LD_RUNPATH_SEARCH_PATHS = (
					"$(inherited)",
					"@executable_path/Frameworks",
					"@loader_path/Frameworks",
				);
				MARKETING_VERSION = 1.0;
				MODULE_VERIFIER_SUPPORTED_LANGUAGES = "objective-c objective-c++";
				MODULE_VERIFIER_SUPPORTED_LANGUAGE_STANDARDS = "gnu17 gnu++20";
				PRODUCT_BUNDLE_IDENTIFIER = edhi.NowClientUI;
				PRODUCT_NAME = "$(TARGET_NAME:c99extidentifier)";
				SKIP_INSTALL = YES;
				SWIFT_EMIT_LOC_STRINGS = YES;
				SWIFT_INSTALL_MODULE = YES;
				SWIFT_INSTALL_OBJC_HEADER = NO;
				SWIFT_VERSION = 5.0;
				TARGETED_DEVICE_FAMILY = "1,2";
			};
			name = Release;
		};
		34FE519B2DCA08750085263A /* Debug */ = {
			isa = XCBuildConfiguration;
			buildSettings = {
				BUILD_LIBRARY_FOR_DISTRIBUTION = YES;
				CODE_SIGN_IDENTITY = "";
				CODE_SIGN_STYLE = Automatic;
				COMBINE_HIDPI_IMAGES = YES;
				CURRENT_PROJECT_VERSION = 1;
				DEVELOPMENT_TEAM = 6H5AQ9JDNV;
				GENERATE_INFOPLIST_FILE = YES;
				INFOPLIST_FILE = "EversenseNowClientPlugin-Info.plist";
				INFOPLIST_KEY_NSHumanReadableCopyright = "";
				INFOPLIST_KEY_NSPrincipalClass = "";
				INSTALL_PATH = "$(LOCAL_LIBRARY_DIR)/Bundles";
				IPHONEOS_DEPLOYMENT_TARGET = 18.0;
				MACOSX_DEPLOYMENT_TARGET = 15.4;
				MARKETING_VERSION = 1.0;
				PRODUCT_BUNDLE_IDENTIFIER = edhi.EversenseNowClientPlugin;
				PRODUCT_NAME = "$(TARGET_NAME)";
				SDKROOT = macosx;
				SKIP_INSTALL = YES;
				SUPPORTED_PLATFORMS = "iphoneos iphonesimulator";
				SUPPORTS_MACCATALYST = NO;
				SWIFT_EMIT_LOC_STRINGS = YES;
				SWIFT_VERSION = 5.0;
				TARGETED_DEVICE_FAMILY = "1,2";
				WRAPPER_EXTENSION = loopplugin;
			};
			name = Debug;
		};
		34FE519C2DCA08750085263A /* Release */ = {
			isa = XCBuildConfiguration;
			buildSettings = {
				BUILD_LIBRARY_FOR_DISTRIBUTION = YES;
				CODE_SIGN_IDENTITY = "";
				CODE_SIGN_STYLE = Automatic;
				COMBINE_HIDPI_IMAGES = YES;
				CURRENT_PROJECT_VERSION = 1;
				DEVELOPMENT_TEAM = 6H5AQ9JDNV;
				GENERATE_INFOPLIST_FILE = YES;
				INFOPLIST_FILE = "EversenseNowClientPlugin-Info.plist";
				INFOPLIST_KEY_NSHumanReadableCopyright = "";
				INFOPLIST_KEY_NSPrincipalClass = "";
				INSTALL_PATH = "$(LOCAL_LIBRARY_DIR)/Bundles";
				IPHONEOS_DEPLOYMENT_TARGET = 18.0;
				MACOSX_DEPLOYMENT_TARGET = 15.4;
				MARKETING_VERSION = 1.0;
				PRODUCT_BUNDLE_IDENTIFIER = edhi.EversenseNowClientPlugin;
				PRODUCT_NAME = "$(TARGET_NAME)";
				SDKROOT = macosx;
				SKIP_INSTALL = YES;
				SUPPORTED_PLATFORMS = "iphoneos iphonesimulator";
				SUPPORTS_MACCATALYST = NO;
				SWIFT_EMIT_LOC_STRINGS = YES;
				SWIFT_VERSION = 5.0;
				TARGETED_DEVICE_FAMILY = "1,2";
				WRAPPER_EXTENSION = loopplugin;
			};
			name = Release;
		};
/* End XCBuildConfiguration section */

/* Begin XCConfigurationList section */
		3452000C2DC9D66E00F35D78 /* Build configuration list for PBXProject "EversenseNowClient" */ = {
			isa = XCConfigurationList;
			buildConfigurations = (
				345200172DC9D66E00F35D78 /* Debug */,
				345200182DC9D66E00F35D78 /* Release */,
			);
			defaultConfigurationIsVisible = 0;
			defaultConfigurationName = Release;
		};
		345200192DC9D66E00F35D78 /* Build configuration list for PBXNativeTarget "EversenseNowClient" */ = {
			isa = XCConfigurationList;
			buildConfigurations = (
				3452001A2DC9D66E00F35D78 /* Debug */,
				3452001B2DC9D66E00F35D78 /* Release */,
			);
			defaultConfigurationIsVisible = 0;
			defaultConfigurationName = Release;
		};
		3452004D2DC9D83600F35D78 /* Build configuration list for PBXNativeTarget "NowClientUI" */ = {
			isa = XCConfigurationList;
			buildConfigurations = (
				3452004E2DC9D83600F35D78 /* Debug */,
				3452004F2DC9D83600F35D78 /* Release */,
			);
			defaultConfigurationIsVisible = 0;
			defaultConfigurationName = Release;
		};
		34FE519A2DCA08750085263A /* Build configuration list for PBXNativeTarget "EversenseNowClientPlugin" */ = {
			isa = XCConfigurationList;
			buildConfigurations = (
				34FE519B2DCA08750085263A /* Debug */,
				34FE519C2DCA08750085263A /* Release */,
			);
			defaultConfigurationIsVisible = 0;
			defaultConfigurationName = Release;
		};
/* End XCConfigurationList section */
	};
	rootObject = 345200092DC9D66E00F35D78 /* Project object */;
}
